{
  "originHash" : "946439dd12d4941c7a0c4c02c1f21ada3a21eb48ef463cfc4b4ebcd018d36ec7",
  "pins" : [
    {
      "identity" : "capacitor-swift-pm",
      "kind" : "remoteSourceControl",
      "location" : "https://github.com/ionic-team/capacitor-swift-pm.git",
      "state" : {
        "revision" : "abbe3387892339dbb29a0022a5d802ebb693ac72",
        "version" : "7.5.0"
      }
    }
  ],
  "version" : 3
}
